
Microsoft Visual Studio Solution File, Format Version 12.00
# Visual Studio Version 17
VisualStudioVersion = 17.6.33801.468
MinimumVisualStudioVersion = 10.0.40219.1
Project("{FAE04EC0-301F-11D3-BF4B-00C04F79EFBC}") = "LinQ", "LinQ.csproj", "{A71BD611-4B7E-4A0E-B111-394BA142C22B}"
EndProject
Global
	GlobalSection(SolutionConfigurationPlatforms) = preSolution
		Debug|Any CPU = Debug|Any CPU
		Release|Any CPU = Release|Any CPU
	EndGlobalSection
	GlobalSection(ProjectConfigurationPlatforms) = postSolution
		{A71BD611-4B7E-4A0E-B111-394BA142C22B}.Debug|Any CPU.ActiveCfg = Debug|Any CPU
		{A71BD611-4B7E-4A0E-B111-394BA142C22B}.Debug|Any CPU.Build.0 = Debug|Any CPU
		{A71BD611-4B7E-4A0E-B111-394BA142C22B}.Release|Any CPU.ActiveCfg = Release|Any CPU
		{A71BD611-4B7E-4A0E-B111-394BA142C22B}.Release|Any CPU.Build.0 = Release|Any CPU
	EndGlobalSection
	GlobalSection(SolutionProperties) = preSolution
		HideSolutionNode = FALSE
	EndGlobalSection
	GlobalSection(ExtensibilityGlobals) = postSolution
		SolutionGuid = {0141E0B3-9334-41A6-98DD-0F1134D89AE5}
	EndGlobalSection
EndGlobal
